// !$*UTF8*$!
{
	archiveVersion = 1;
	classes = {
	};
	objectVersion = 48;
	objects = {

/* Begin PBXBuildFile section */
		53D0F6092094789500D67F73 /* AppDelegate.swift in Sources */ = {isa = PBXBuildFile; fileRef = 53D0F6082094789500D67F73 /* AppDelegate.swift */; };
		53D0F60E2094789500D67F73 /* Main.storyboard in Resources */ = {isa = PBXBuildFile; fileRef = 53D0F60C2094789500D67F73 /* Main.storyboard */; };
		53D0F6102094789500D67F73 /* Assets.xcassets in Resources */ = {isa = PBXBuildFile; fileRef = 53D0F60F2094789500D67F73 /* Assets.xcassets */; };
		53D0F6132094789500D67F73 /* LaunchScreen.storyboard in Resources */ = {isa = PBXBuildFile; fileRef = 53D0F6112094789500D67F73 /* LaunchScreen.storyboard */; };
		53D0F61F2094E8F600D67F73 /* CategoryVC.swift in Sources */ = {isa = PBXBuildFile; fileRef = 53D0F61E2094E8F600D67F73 /* CategoryVC.swift */; };
		53D0F6212094E98E00D67F73 /* HeadyViewModel.swift in Sources */ = {isa = PBXBuildFile; fileRef = 53D0F6202094E98E00D67F73 /* HeadyViewModel.swift */; };
		53D0F62420958C7500D67F73 /* CategoryVCTableCell.swift in Sources */ = {isa = PBXBuildFile; fileRef = 53D0F62220958C7500D67F73 /* CategoryVCTableCell.swift */; };
		53D0F62520958C7500D67F73 /* CategoryVCTableCell.xib in Resources */ = {isa = PBXBuildFile; fileRef = 53D0F62320958C7500D67F73 /* CategoryVCTableCell.xib */; };
		53D0F6282095B14400D67F73 /* CategoryCollectionCell.swift in Sources */ = {isa = PBXBuildFile; fileRef = 53D0F6262095B14400D67F73 /* CategoryCollectionCell.swift */; };
		53D0F6292095B14400D67F73 /* CategoryCollectionCell.xib in Resources */ = {isa = PBXBuildFile; fileRef = 53D0F6272095B14400D67F73 /* CategoryCollectionCell.xib */; };
/* End PBXBuildFile section */

/* Begin PBXFileReference section */
		53D0F6052094789500D67F73 /* HeadyTestProject.app */ = {isa = PBXFileReference; explicitFileType = wrapper.application; includeInIndex = 0; path = HeadyTestProject.app; sourceTree = BUILT_PRODUCTS_DIR; };
		53D0F6082094789500D67F73 /* AppDelegate.swift */ = {isa = PBXFileReference; lastKnownFileType = sourcecode.swift; path = AppDelegate.swift; sourceTree = "<group>"; };
		53D0F60D2094789500D67F73 /* Base */ = {isa = PBXFileReference; lastKnownFileType = file.storyboard; name = Base; path = Base.lproj/Main.storyboard; sourceTree = "<group>"; };
		53D0F60F2094789500D67F73 /* Assets.xcassets */ = {isa = PBXFileReference; lastKnownFileType = folder.assetcatalog; path = Assets.xcassets; sourceTree = "<group>"; };
		53D0F6122094789500D67F73 /* Base */ = {isa = PBXFileReference; lastKnownFileType = file.storyboard; name = Base; path = Base.lproj/LaunchScreen.storyboard; sourceTree = "<group>"; };
		53D0F6142094789500D67F73 /* Info.plist */ = {isa = PBXFileReference; lastKnownFileType = text.plist.xml; path = Info.plist; sourceTree = "<group>"; };
		53D0F61E2094E8F600D67F73 /* CategoryVC.swift */ = {isa = PBXFileReference; lastKnownFileType = sourcecode.swift; path = CategoryVC.swift; sourceTree = "<group>"; };
		53D0F6202094E98E00D67F73 /* HeadyViewModel.swift */ = {isa = PBXFileReference; lastKnownFileType = sourcecode.swift; path = HeadyViewModel.swift; sourceTree = "<group>"; };
		53D0F62220958C7500D67F73 /* CategoryVCTableCell.swift */ = {isa = PBXFileReference; lastKnownFileType = sourcecode.swift; path = CategoryVCTableCell.swift; sourceTree = "<group>"; };
		53D0F62320958C7500D67F73 /* CategoryVCTableCell.xib */ = {isa = PBXFileReference; lastKnownFileType = file.xib; path = CategoryVCTableCell.xib; sourceTree = "<group>"; };
		53D0F6262095B14400D67F73 /* CategoryCollectionCell.swift */ = {isa = PBXFileReference; lastKnownFileType = sourcecode.swift; path = CategoryCollectionCell.swift; sourceTree = "<group>"; };
		53D0F6272095B14400D67F73 /* CategoryCollectionCell.xib */ = {isa = PBXFileReference; lastKnownFileType = file.xib; path = CategoryCollectionCell.xib; sourceTree = "<group>"; };
/* End PBXFileReference section */

/* Begin PBXFrameworksBuildPhase section */
		53D0F6022094789500D67F73 /* Frameworks */ = {
			isa = PBXFrameworksBuildPhase;
			buildActionMask = 2147483647;
			files = (
			);
			runOnlyForDeploymentPostprocessing = 0;
		};
/* End PBXFrameworksBuildPhase section */

/* Begin PBXGroup section */
		53D0F5FC2094789500D67F73 = {
			isa = PBXGroup;
			children = (
				53D0F6072094789500D67F73 /* HeadyTestProject */,
				53D0F6062094789500D67F73 /* Products */,
			);
			sourceTree = "<group>";
		};
		53D0F6062094789500D67F73 /* Products */ = {
			isa = PBXGroup;
			children = (
				53D0F6052094789500D67F73 /* HeadyTestProject.app */,
			);
			name = Products;
			sourceTree = "<group>";
		};
		53D0F6072094789500D67F73 /* HeadyTestProject */ = {
			isa = PBXGroup;
			children = (
				53D0F61D2094E89400D67F73 /* CategoryVCScene */,
				53D0F61A2094E54A00D67F73 /* Models */,
				53D0F6082094789500D67F73 /* AppDelegate.swift */,
				53D0F60C2094789500D67F73 /* Main.storyboard */,
				53D0F60F2094789500D67F73 /* Assets.xcassets */,
				53D0F6112094789500D67F73 /* LaunchScreen.storyboard */,
				53D0F6142094789500D67F73 /* Info.plist */,
			);
			path = HeadyTestProject;
			sourceTree = "<group>";
		};
		53D0F61A2094E54A00D67F73 /* Models */ = {
			isa = PBXGroup;
			children = (
				53D0F6202094E98E00D67F73 /* HeadyViewModel.swift */,
			);
			path = Models;
			sourceTree = "<group>";
		};
		53D0F61D2094E89400D67F73 /* CategoryVCScene */ = {
			isa = PBXGroup;
			children = (
				53D0F61E2094E8F600D67F73 /* CategoryVC.swift */,
				53D0F62220958C7500D67F73 /* CategoryVCTableCell.swift */,
				53D0F62320958C7500D67F73 /* CategoryVCTableCell.xib */,
				53D0F6262095B14400D67F73 /* CategoryCollectionCell.swift */,
				53D0F6272095B14400D67F73 /* CategoryCollectionCell.xib */,
			);
			path = CategoryVCScene;
			sourceTree = "<group>";
		};
/* End PBXGroup section */

/* Begin PBXNativeTarget section */
		53D0F6042094789500D67F73 /* HeadyTestProject */ = {
			isa = PBXNativeTarget;
			buildConfigurationList = 53D0F6172094789500D67F73 /* Build configuration list for PBXNativeTarget "HeadyTestProject" */;
			buildPhases = (
				53D0F6012094789500D67F73 /* Sources */,
				53D0F6022094789500D67F73 /* Frameworks */,
				53D0F6032094789500D67F73 /* Resources */,
			);
			buildRules = (
			);
			dependencies = (
			);
			name = HeadyTestProject;
			productName = HeadyTestProject;
			productReference = 53D0F6052094789500D67F73 /* HeadyTestProject.app */;
			productType = "com.apple.product-type.application";
		};
/* End PBXNativeTarget section */

/* Begin PBXProject section */
		53D0F5FD2094789500D67F73 /* Project object */ = {
			isa = PBXProject;
			attributes = {
				LastSwiftUpdateCheck = 0920;
				LastUpgradeCheck = 0920;
				ORGANIZATIONNAME = "Vinit Somani";
				TargetAttributes = {
					53D0F6042094789500D67F73 = {
						CreatedOnToolsVersion = 9.2;
						ProvisioningStyle = Manual;
					};
				};
			};
			buildConfigurationList = 53D0F6002094789500D67F73 /* Build configuration list for PBXProject "HeadyTestProject" */;
			compatibilityVersion = "Xcode 8.0";
			developmentRegion = en;
			hasScannedForEncodings = 0;
			knownRegions = (
				en,
				Base,
			);
			mainGroup = 53D0F5FC2094789500D67F73;
			productRefGroup = 53D0F6062094789500D67F73 /* Products */;
			projectDirPath = "";
			projectRoot = "";
			targets = (
				53D0F6042094789500D67F73 /* HeadyTestProject */,
			);
		};
/* End PBXProject section */

/* Begin PBXResourcesBuildPhase section */
		53D0F6032094789500D67F73 /* Resources */ = {
			isa = PBXResourcesBuildPhase;
			buildActionMask = 2147483647;
			files = (
				53D0F6132094789500D67F73 /* LaunchScreen.storyboard in Resources */,
				53D0F6102094789500D67F73 /* Assets.xcassets in Resources */,
				53D0F62520958C7500D67F73 /* CategoryVCTableCell.xib in Resources */,
				53D0F6292095B14400D67F73 /* CategoryCollectionCell.xib in Resources */,
				53D0F60E2094789500D67F73 /* Main.storyboard in Resources */,
			);
			runOnlyForDeploymentPostprocessing = 0;
		};
/* End PBXResourcesBuildPhase section */

/* Begin PBXSourcesBuildPhase section */
		53D0F6012094789500D67F73 /* Sources */ = {
			isa = PBXSourcesBuildPhase;
			buildActionMask = 2147483647;
			files = (
				53D0F6282095B14400D67F73 /* CategoryCollectionCell.swift in Sources */,
				53D0F61F2094E8F600D67F73 /* CategoryVC.swift in Sources */,
				53D0F6092094789500D67F73 /* AppDelegate.swift in Sources */,
				53D0F62420958C7500D67F73 /* CategoryVCTableCell.swift in Sources */,
				53D0F6212094E98E00D67F73 /* HeadyViewModel.swift in Sources */,
			);
			runOnlyForDeploymentPostprocessing = 0;
		};
/* End PBXSourcesBuildPhase section */

/* Begin PBXVariantGroup section */
		53D0F60C2094789500D67F73 /* Main.storyboard */ = {
			isa = PBXVariantGroup;
			children = (
				53D0F60D2094789500D67F73 /* Base */,
			);
			name = Main.storyboard;
			sourceTree = "<group>";
		};
		53D0F6112094789500D67F73 /* LaunchScreen.storyboard */ = {
			isa = PBXVariantGroup;
			children = (
				53D0F6122094789500D67F73 /* Base */,
			);
			name = LaunchScreen.storyboard;
			sourceTree = "<group>";
		};
/* End PBXVariantGroup section */

/* Begin XCBuildConfiguration section */
		53D0F6152094789500D67F73 /* Debug */ = {
			isa = XCBuildConfiguration;
			buildSettings = {
				ALWAYS_SEARCH_USER_PATHS = NO;
				CLANG_ANALYZER_NONNULL = YES;
				CLANG_ANALYZER_NUMBER_OBJECT_CONVERSION = YES_AGGRESSIVE;
				CLANG_CXX_LANGUAGE_STANDARD = "gnu++14";
				CLANG_CXX_LIBRARY = "libc++";
				CLANG_ENABLE_MODULES = YES;
				CLANG_ENABLE_OBJC_ARC = YES;
				CLANG_WARN_BLOCK_CAPTURE_AUTORELEASING = YES;
				CLANG_WARN_BOOL_CONVERSION = YES;
				CLANG_WARN_COMMA = YES;
				CLANG_WARN_CONSTANT_CONVERSION = YES;
				CLANG_WARN_DIRECT_OBJC_ISA_USAGE = YES_ERROR;
				CLANG_WARN_DOCUMENTATION_COMMENTS = YES;
				CLANG_WARN_EMPTY_BODY = YES;
				CLANG_WARN_ENUM_CONVERSION = YES;
				CLANG_WARN_INFINITE_RECURSION = YES;
				CLANG_WARN_INT_CONVERSION = YES;
				CLANG_WARN_NON_LITERAL_NULL_CONVERSION = YES;
				CLANG_WARN_OBJC_LITERAL_CONVERSION = YES;
				CLANG_WARN_OBJC_ROOT_CLASS = YES_ERROR;
				CLANG_WARN_RANGE_LOOP_ANALYSIS = YES;
				CLANG_WARN_STRICT_PROTOTYPES = YES;
				CLANG_WARN_SUSPICIOUS_MOVE = YES;
				CLANG_WARN_UNGUARDED_AVAILABILITY = YES_AGGRESSIVE;
				CLANG_WARN_UNREACHABLE_CODE = YES;
				CLANG_WARN__DUPLICATE_METHOD_MATCH = YES;
				CODE_SIGN_IDENTITY = "iPhone Developer";
				COPY_PHASE_STRIP = NO;
				DEBUG_INFORMATION_FORMAT = dwarf;
				ENABLE_STRICT_OBJC_MSGSEND = YES;
				ENABLE_TESTABILITY = YES;
				GCC_C_LANGUAGE_STANDARD = gnu11;
				GCC_DYNAMIC_NO_PIC = NO;
				GCC_NO_COMMON_BLOCKS = YES;
				GCC_OPTIMIZATION_LEVEL = 0;
				GCC_PREPROCESSOR_DEFINITIONS = (
					"DEBUG=1",
					"$(inherited)",
				);
				GCC_WARN_64_TO_32_BIT_CONVERSION = YES;
				GCC_WARN_ABOUT_RETURN_TYPE = YES_ERROR;
				GCC_WARN_UNDECLARED_SELECTOR = YES;
				GCC_WARN_UNINITIALIZED_AUTOS = YES_AGGRESSIVE;
				GCC_WARN_UNUSED_FUNCTION = YES;
				GCC_WARN_UNUSED_VARIABLE = YES;
				IPHONEOS_DEPLOYMENT_TARGET = 11.2;
				MTL_ENABLE_DEBUG_INFO = YES;
				ONLY_ACTIVE_ARCH = YES;
				SDKROOT = iphoneos;
				SWIFT_ACTIVE_COMPILATION_CONDITIONS = DEBUG;
				SWIFT_OPTIMIZATION_LEVEL = "-Onone";
			};
			name = Debug;
		};
		53D0F6162094789500D67F73 /* Release */ = {
			isa = XCBuildConfiguration;
			buildSettings = {
				ALWAYS_SEARCH_USER_PATHS = NO;
				CLANG_ANALYZER_NONNULL = YES;
				CLANG_ANALYZER_NUMBER_OBJECT_CONVERSION = YES_AGGRESSIVE;
				CLANG_CXX_LANGUAGE_STANDARD = "gnu++14";
				CLANG_CXX_LIBRARY = "libc++";
				CLANG_ENABLE_MODULES = YES;
				CLANG_ENABLE_OBJC_ARC = YES;
				CLANG_WARN_BLOCK_CAPTURE_AUTORELEASING = YES;
				CLANG_WARN_BOOL_CONVERSION = YES;
				CLANG_WARN_COMMA = YES;
				CLANG_WARN_CONSTANT_CONVERSION = YES;
				CLANG_WARN_DIRECT_OBJC_ISA_USAGE = YES_ERROR;
				CLANG_WARN_DOCUMENTATION_COMMENTS = YES;
				CLANG_WARN_EMPTY_BODY = YES;
				CLANG_WARN_ENUM_CONVERSION = YES;
				CLANG_WARN_INFINITE_RECURSION = YES;
				CLANG_WARN_INT_CONVERSION = YES;
				CLANG_WARN_NON_LITERAL_NULL_CONVERSION = YES;
				CLANG_WARN_OBJC_LITERAL_CONVERSION = YES;
				CLANG_WARN_OBJC_ROOT_CLASS = YES_ERROR;
				CLANG_WARN_RANGE_LOOP_ANALYSIS = YES;
				CLANG_WARN_STRICT_PROTOTYPES = YES;
				CLANG_WARN_SUSPICIOUS_MOVE = YES;
				CLANG_WARN_UNGUARDED_AVAILABILITY = YES_AGGRESSIVE;
				CLANG_WARN_UNREACHABLE_CODE = YES;
				CLANG_WARN__DUPLICATE_METHOD_MATCH = YES;
				CODE_SIGN_IDENTITY = "iPhone Developer";
				COPY_PHASE_STRIP = NO;
				DEBUG_INFORMATION_FORMAT = "dwarf-with-dsym";
				ENABLE_NS_ASSERTIONS = NO;
				ENABLE_STRICT_OBJC_MSGSEND = YES;
				GCC_C_LANGUAGE_STANDARD = gnu11;
				GCC_NO_COMMON_BLOCKS = YES;
				GCC_WARN_64_TO_32_BIT_CONVERSION = YES;
				GCC_WARN_ABOUT_RETURN_TYPE = YES_ERROR;
				GCC_WARN_UNDECLARED_SELECTOR = YES;
				GCC_WARN_UNINITIALIZED_AUTOS = YES_AGGRESSIVE;
				GCC_WARN_UNUSED_FUNCTION = YES;
				GCC_WARN_UNUSED_VARIABLE = YES;
				IPHONEOS_DEPLOYMENT_TARGET = 11.2;
				MTL_ENABLE_DEBUG_INFO = NO;
				SDKROOT = iphoneos;
				SWIFT_OPTIMIZATION_LEVEL = "-Owholemodule";
				VALIDATE_PRODUCT = YES;
			};
			name = Release;
		};
		53D0F6182094789500D67F73 /* Debug */ = {
			isa = XCBuildConfiguration;
			buildSettings = {
				ASSETCATALOG_COMPILER_APPICON_NAME = AppIcon;
				CODE_SIGN_STYLE = Manual;
				DEVELOPMENT_TEAM = "";
				INFOPLIST_FILE = HeadyTestProject/Info.plist;
				IPHONEOS_DEPLOYMENT_TARGET = 9.0;
				LD_RUNPATH_SEARCH_PATHS = "$(inherited) @executable_path/Frameworks";
				PRODUCT_BUNDLE_IDENTIFIER = Vinit.HeadyTestProject;
				PRODUCT_NAME = "$(TARGET_NAME)";
				PROVISIONING_PROFILE_SPECIFIER = "";
				SWIFT_VERSION = 4.0;
				TARGETED_DEVICE_FAMILY = "1,2";
			};
			name = Debug;
		};
		53D0F6192094789500D67F73 /* Release */ = {
			isa = XCBuildConfiguration;
			buildSettings = {
				ASSETCATALOG_COMPILER_APPICON_NAME = AppIcon;
				CODE_SIGN_STYLE = Manual;
				DEVELOPMENT_TEAM = "";
				INFOPLIST_FILE = HeadyTestProject/Info.plist;
				IPHONEOS_DEPLOYMENT_TARGET = 9.0;
				LD_RUNPATH_SEARCH_PATHS = "$(inherited) @executable_path/Frameworks";
				PRODUCT_BUNDLE_IDENTIFIER = Vinit.HeadyTestProject;
				PRODUCT_NAME = "$(TARGET_NAME)";
				PROVISIONING_PROFILE_SPECIFIER = "";
				SWIFT_VERSION = 4.0;
				TARGETED_DEVICE_FAMILY = "1,2";
			};
			name = Release;
		};
/* End XCBuildConfiguration section */

/* Begin XCConfigurationList section */
		53D0F6002094789500D67F73 /* Build configuration list for PBXProject "HeadyTestProject" */ = {
			isa = XCConfigurationList;
			buildConfigurations = (
				53D0F6152094789500D67F73 /* Debug */,
				53D0F6162094789500D67F73 /* Release */,
			);
			defaultConfigurationIsVisible = 0;
			defaultConfigurationName = Release;
		};
		53D0F6172094789500D67F73 /* Build configuration list for PBXNativeTarget "HeadyTestProject" */ = {
			isa = XCConfigurationList;
			buildConfigurations = (
				53D0F6182094789500D67F73 /* Debug */,
				53D0F6192094789500D67F73 /* Release */,
			);
			defaultConfigurationIsVisible = 0;
			defaultConfigurationName = Release;
		};
/* End XCConfigurationList section */
	};
	rootObject = 53D0F5FD2094789500D67F73 /* Project object */;
}
